
Microsoft Visual Studio Solution File, Format Version 12.00
# Visual Studio Version 16
VisualStudioVersion = 16.0.32126.315
MinimumVisualStudioVersion = 10.0.40219.1
Project("{FAE04EC0-301F-11D3-BF4B-00C04F79EFBC}") = "WFA_UrunYonetimi", "WFA_UrunYonetimi\WFA_UrunYonetimi.csproj", "{93CFCD0F-B5A4-46FB-9EA9-6B39B8305ACA}"
EndProject
Global
	GlobalSection(SolutionConfigurationPlatforms) = preSolution
		Debug|Any CPU = Debug|Any CPU
		Release|Any CPU = Release|Any CPU
	EndGlobalSection
	GlobalSection(ProjectConfigurationPlatforms) = postSolution
		{93CFCD0F-B5A4-46FB-9EA9-6B39B8305ACA}.Debug|Any CPU.ActiveCfg = Debug|Any CPU
		{93CFCD0F-B5A4-46FB-9EA9-6B39B8305ACA}.Debug|Any CPU.Build.0 = Debug|Any CPU
		{93CFCD0F-B5A4-46FB-9EA9-6B39B8305ACA}.Release|Any CPU.ActiveCfg = Release|Any CPU
		{93CFCD0F-B5A4-46FB-9EA9-6B39B8305ACA}.Release|Any CPU.Build.0 = Release|Any CPU
	EndGlobalSection
	GlobalSection(SolutionProperties) = preSolution
		HideSolutionNode = FALSE
	EndGlobalSection
	GlobalSection(ExtensibilityGlobals) = postSolution
		SolutionGuid = {DD5661C0-D8A8-4DC9-8383-73126EF1F49E}
	EndGlobalSection
EndGlobal
